
Microsoft Visual Studio Solution File, Format Version 12.00
# Visual Studio Version 17
VisualStudioVersion = 17.2.32516.85
MinimumVisualStudioVersion = 10.0.40219.1
Project("{9A19103F-16F7-4668-BE54-9A1E7A4F7556}") = "ConsoleUI", "ConsoleUI\ConsoleUI.csproj", "{A7D92538-9C79-4494-BA8E-CCC45ACD0415}"
EndProject
Global
	GlobalSection(SolutionConfigurationPlatforms) = preSolution
		Debug|Any CPU = Debug|Any CPU
		Release|Any CPU = Release|Any CPU
	EndGlobalSection
	GlobalSection(ProjectConfigurationPlatforms) = postSolution
		{A7D92538-9C79-4494-BA8E-CCC45ACD0415}.Debug|Any CPU.ActiveCfg = Debug|Any CPU
		{A7D92538-9C79-4494-BA8E-CCC45ACD0415}.Debug|Any CPU.Build.0 = Debug|Any CPU
		{A7D92538-9C79-4494-BA8E-CCC45ACD0415}.Release|Any CPU.ActiveCfg = Release|Any CPU
		{A7D92538-9C79-4494-BA8E-CCC45ACD0415}.Release|Any CPU.Build.0 = Release|Any CPU
	EndGlobalSection
	GlobalSection(SolutionProperties) = preSolution
		HideSolutionNode = FALSE
	EndGlobalSection
	GlobalSection(ExtensibilityGlobals) = postSolution
		SolutionGuid = {F7AFB8B7-86B2-473A-8901-966AD7CC8A47}
	EndGlobalSection
EndGlobal
